{
	"name": "indrampd-assets",
	"version": "1.0.0",
	"lockfileVersion": 3,
	"requires": true,
	"packages": {
		"": {
			"name": "indrampd-assets",
			"version": "1.0.0",
			"license": "MIT",
			"dependencies": {
				"indra-private-package": "^1.0.0",
				"indrampd-assets": "^1.0.0"
			}
		},
		"node_modules/indra-private-package": {
			"version": "1.0.0",
			"resolved": "https://registry.npmjs.org/indra-private-package/-/indra-private-package-1.0.0.tgz",
			"integrity": "sha512-CWQPa+ud2mYMNd0hyVY+O2H5HhS5Dc5sYP6xk0nIj2nCtPhoUH7HKCh6DTlY6FeuBrl7uI7NnIn5a2T8TBpFvA==",
			"license": "MIT"
		},
		"node_modules/indrampd-assets": {
			"version": "1.0.0",
			"resolved": "https://registry.npmjs.org/indrampd-assets/-/indrampd-assets-1.0.0.tgz",
			"integrity": "sha512-fg4GSfrWmucFm1crgBHuvytVIyH/sE7ks9NWSSAlTpBLesQwfg9Ej4O+kq8+dZcD0Uo8ccU8OlV5L5/161f+CA==",
			"license": "MIT",
			"dependencies": {
				"indra-private-package": "^1.0.0"
			}
		}
	}
}
